
Microsoft Visual Studio Solution File, Format Version 12.00
# Visual Studio Version 17
VisualStudioVersion = 17.9.34728.123
MinimumVisualStudioVersion = 10.0.40219.1
Project("{2150E333-8FDC-42A3-9474-1A3956D46DE8}") = "Src", "Src", "{C43C5860-ECED-4988-9265-79657BB1C93F}"
EndProject
Project("{2150E333-8FDC-42A3-9474-1A3956D46DE8}") = "Nano.Inventory.Managements", "Nano.Inventory.Managements", "{8FFC303F-DC83-44F0-BDA1-4199FD246B1D}"
EndProject
Project("{2150E333-8FDC-42A3-9474-1A3956D46DE8}") = "NIM.Application", "NIM.Application", "{DCBE1A50-7420-4761-BCE1-A1C83ACE4989}"
EndProject
Project("{2150E333-8FDC-42A3-9474-1A3956D46DE8}") = "NIM.Domain", "NIM.Domain", "{D3ED8E7C-7518-4C42-9C91-6F7398E26ECE}"
EndProject
Project("{2150E333-8FDC-42A3-9474-1A3956D46DE8}") = "NIM.Infrastructure", "NIM.Infrastructure", "{CB48F362-7B7A-4F89-B0C7-CE44CC0EE57B}"
EndProject
Project("{2150E333-8FDC-42A3-9474-1A3956D46DE8}") = "NIM.Persistence", "NIM.Persistence", "{0E285EB6-B604-4769-A148-F9CD527289E7}"
EndProject
Project("{FAE04EC0-301F-11D3-BF4B-00C04F79EFBC}") = "Inventory.Management.Application", "Inventory.Management.Application\Inventory.Management.Application.csproj", "{ED36534F-76F6-49F3-B197-55B86B607504}"
EndProject
Project("{FAE04EC0-301F-11D3-BF4B-00C04F79EFBC}") = "Inventory.Management.Application.Contracts", "Inventory.Management.Application.Contracts\Inventory.Management.Application.Contracts.csproj", "{278D32CD-73A3-4241-B91E-7C34EC58338C}"
EndProject
Project("{FAE04EC0-301F-11D3-BF4B-00C04F79EFBC}") = "Inventory.Management.Domain", "Inventory.Management.Domain\Inventory.Management.Domain.csproj", "{9C4198DA-FCF0-49FA-84EE-D37C295D9729}"
EndProject
Project("{FAE04EC0-301F-11D3-BF4B-00C04F79EFBC}") = "Inventory.Management.Infrastructure", "Inventory.Management.Infrastructure\Inventory.Management.Infrastructure.csproj", "{7B9CEC8A-0C53-4EB5-8405-C997DE0B001A}"
EndProject
Project("{FAE04EC0-301F-11D3-BF4B-00C04F79EFBC}") = "Inventory.Management.Persistence.EfCore", "Inventory.Management.Persistence.EfCore\Inventory.Management.Persistence.EfCore.csproj", "{DBF2BCCD-11CF-4380-AAF3-10932CE12934}"
EndProject
Project("{2150E333-8FDC-42A3-9474-1A3956D46DE8}") = "Docs", "Docs", "{0C094E1E-9B7B-4546-816E-EB3FA6925B4B}"
EndProject
Project("{2150E333-8FDC-42A3-9474-1A3956D46DE8}") = "Test", "Test", "{161EBC50-62FD-4114-A813-BC8FE9E45675}"
EndProject
Project("{2150E333-8FDC-42A3-9474-1A3956D46DE8}") = "EndPoint", "EndPoint", "{A463B21D-F226-4F1F-8F08-28BF8D47CF30}"
EndProject
Project("{FAE04EC0-301F-11D3-BF4B-00C04F79EFBC}") = "Nano.Inventory.WebAppBlazor", "Nano.Inventory.WebAppBlazor\Nano.Inventory.WebAppBlazor\Nano.Inventory.WebAppBlazor.csproj", "{C8BCDBC0-B9E4-4220-87BF-8E533EB34016}"
EndProject
Project("{FAE04EC0-301F-11D3-BF4B-00C04F79EFBC}") = "Nano.Inventory.WebAppBlazor.Client", "Nano.Inventory.WebAppBlazor\Nano.Inventory.WebAppBlazor.Client\Nano.Inventory.WebAppBlazor.Client.csproj", "{D57A584B-0213-4DC6-A258-2B1D70CEBB2B}"
EndProject
Project("{2150E333-8FDC-42A3-9474-1A3956D46DE8}") = "Feamework", "Feamework", "{1CEEC930-9C3B-4227-AEBA-A1D33B7C8D34}"
EndProject
Project("{FAE04EC0-301F-11D3-BF4B-00C04F79EFBC}") = "Framework.Core", "Framework.Core\Framework.Core.csproj", "{5BACA2B3-5E16-464A-B409-86DB4F6A0649}"
EndProject
Global
	GlobalSection(SolutionConfigurationPlatforms) = preSolution
		Debug|Any CPU = Debug|Any CPU
		Release|Any CPU = Release|Any CPU
	EndGlobalSection
	GlobalSection(ProjectConfigurationPlatforms) = postSolution
		{ED36534F-76F6-49F3-B197-55B86B607504}.Debug|Any CPU.ActiveCfg = Debug|Any CPU
		{ED36534F-76F6-49F3-B197-55B86B607504}.Debug|Any CPU.Build.0 = Debug|Any CPU
		{ED36534F-76F6-49F3-B197-55B86B607504}.Release|Any CPU.ActiveCfg = Release|Any CPU
		{ED36534F-76F6-49F3-B197-55B86B607504}.Release|Any CPU.Build.0 = Release|Any CPU
		{278D32CD-73A3-4241-B91E-7C34EC58338C}.Debug|Any CPU.ActiveCfg = Debug|Any CPU
		{278D32CD-73A3-4241-B91E-7C34EC58338C}.Debug|Any CPU.Build.0 = Debug|Any CPU
		{278D32CD-73A3-4241-B91E-7C34EC58338C}.Release|Any CPU.ActiveCfg = Release|Any CPU
		{278D32CD-73A3-4241-B91E-7C34EC58338C}.Release|Any CPU.Build.0 = Release|Any CPU
		{9C4198DA-FCF0-49FA-84EE-D37C295D9729}.Debug|Any CPU.ActiveCfg = Debug|Any CPU
		{9C4198DA-FCF0-49FA-84EE-D37C295D9729}.Debug|Any CPU.Build.0 = Debug|Any CPU
		{9C4198DA-FCF0-49FA-84EE-D37C295D9729}.Release|Any CPU.ActiveCfg = Release|Any CPU
		{9C4198DA-FCF0-49FA-84EE-D37C295D9729}.Release|Any CPU.Build.0 = Release|Any CPU
		{7B9CEC8A-0C53-4EB5-8405-C997DE0B001A}.Debug|Any CPU.ActiveCfg = Debug|Any CPU
		{7B9CEC8A-0C53-4EB5-8405-C997DE0B001A}.Debug|Any CPU.Build.0 = Debug|Any CPU
		{7B9CEC8A-0C53-4EB5-8405-C997DE0B001A}.Release|Any CPU.ActiveCfg = Release|Any CPU
		{7B9CEC8A-0C53-4EB5-8405-C997DE0B001A}.Release|Any CPU.Build.0 = Release|Any CPU
		{DBF2BCCD-11CF-4380-AAF3-10932CE12934}.Debug|Any CPU.ActiveCfg = Debug|Any CPU
		{DBF2BCCD-11CF-4380-AAF3-10932CE12934}.Debug|Any CPU.Build.0 = Debug|Any CPU
		{DBF2BCCD-11CF-4380-AAF3-10932CE12934}.Release|Any CPU.ActiveCfg = Release|Any CPU
		{DBF2BCCD-11CF-4380-AAF3-10932CE12934}.Release|Any CPU.Build.0 = Release|Any CPU
		{C8BCDBC0-B9E4-4220-87BF-8E533EB34016}.Debug|Any CPU.ActiveCfg = Debug|Any CPU
		{C8BCDBC0-B9E4-4220-87BF-8E533EB34016}.Debug|Any CPU.Build.0 = Debug|Any CPU
		{C8BCDBC0-B9E4-4220-87BF-8E533EB34016}.Release|Any CPU.ActiveCfg = Release|Any CPU
		{C8BCDBC0-B9E4-4220-87BF-8E533EB34016}.Release|Any CPU.Build.0 = Release|Any CPU
		{D57A584B-0213-4DC6-A258-2B1D70CEBB2B}.Debug|Any CPU.ActiveCfg = Debug|Any CPU
		{D57A584B-0213-4DC6-A258-2B1D70CEBB2B}.Debug|Any CPU.Build.0 = Debug|Any CPU
		{D57A584B-0213-4DC6-A258-2B1D70CEBB2B}.Release|Any CPU.ActiveCfg = Release|Any CPU
		{D57A584B-0213-4DC6-A258-2B1D70CEBB2B}.Release|Any CPU.Build.0 = Release|Any CPU
		{5BACA2B3-5E16-464A-B409-86DB4F6A0649}.Debug|Any CPU.ActiveCfg = Debug|Any CPU
		{5BACA2B3-5E16-464A-B409-86DB4F6A0649}.Debug|Any CPU.Build.0 = Debug|Any CPU
		{5BACA2B3-5E16-464A-B409-86DB4F6A0649}.Release|Any CPU.ActiveCfg = Release|Any CPU
		{5BACA2B3-5E16-464A-B409-86DB4F6A0649}.Release|Any CPU.Build.0 = Release|Any CPU
	EndGlobalSection
	GlobalSection(SolutionProperties) = preSolution
		HideSolutionNode = FALSE
	EndGlobalSection
	GlobalSection(NestedProjects) = preSolution
		{8FFC303F-DC83-44F0-BDA1-4199FD246B1D} = {C43C5860-ECED-4988-9265-79657BB1C93F}
		{DCBE1A50-7420-4761-BCE1-A1C83ACE4989} = {8FFC303F-DC83-44F0-BDA1-4199FD246B1D}
		{D3ED8E7C-7518-4C42-9C91-6F7398E26ECE} = {8FFC303F-DC83-44F0-BDA1-4199FD246B1D}
		{CB48F362-7B7A-4F89-B0C7-CE44CC0EE57B} = {8FFC303F-DC83-44F0-BDA1-4199FD246B1D}
		{0E285EB6-B604-4769-A148-F9CD527289E7} = {8FFC303F-DC83-44F0-BDA1-4199FD246B1D}
		{ED36534F-76F6-49F3-B197-55B86B607504} = {DCBE1A50-7420-4761-BCE1-A1C83ACE4989}
		{278D32CD-73A3-4241-B91E-7C34EC58338C} = {DCBE1A50-7420-4761-BCE1-A1C83ACE4989}
		{9C4198DA-FCF0-49FA-84EE-D37C295D9729} = {D3ED8E7C-7518-4C42-9C91-6F7398E26ECE}
		{7B9CEC8A-0C53-4EB5-8405-C997DE0B001A} = {CB48F362-7B7A-4F89-B0C7-CE44CC0EE57B}
		{DBF2BCCD-11CF-4380-AAF3-10932CE12934} = {0E285EB6-B604-4769-A148-F9CD527289E7}
		{A463B21D-F226-4F1F-8F08-28BF8D47CF30} = {C43C5860-ECED-4988-9265-79657BB1C93F}
		{C8BCDBC0-B9E4-4220-87BF-8E533EB34016} = {A463B21D-F226-4F1F-8F08-28BF8D47CF30}
		{D57A584B-0213-4DC6-A258-2B1D70CEBB2B} = {A463B21D-F226-4F1F-8F08-28BF8D47CF30}
		{1CEEC930-9C3B-4227-AEBA-A1D33B7C8D34} = {C43C5860-ECED-4988-9265-79657BB1C93F}
		{5BACA2B3-5E16-464A-B409-86DB4F6A0649} = {1CEEC930-9C3B-4227-AEBA-A1D33B7C8D34}
	EndGlobalSection
	GlobalSection(ExtensibilityGlobals) = postSolution
		SolutionGuid = {D530F97A-9D44-4933-8DD7-63C746603FDD}
	EndGlobalSection
EndGlobal
